{
	"name": "prpr-lerna-popular2",
	"version": "1.0.9",
	"lockfileVersion": 1,
	"requires": true,
	"dependencies": {
		"axios": {
			"version": "0.21.1",
			"resolved": "https://registry.npmjs.org/axios/-/axios-0.21.1.tgz",
			"integrity": "sha512-dKQiRHxGD9PPRIUNIWvZhPTPpl1rf/OxTYKsqKUDjBwYylTvV7SjSHJb9ratfyzM6wCdLCOYLzs73qpg5c4iGA==",
			"requires": {
				"follow-redirects": "^1.10.0"
			}
		},
		"follow-redirects": {
			"version": "1.13.1",
			"resolved": "https://registry.npmjs.org/follow-redirects/-/follow-redirects-1.13.1.tgz",
			"integrity": "sha512-SSG5xmZh1mkPGyKzjZP8zLjltIfpW32Y5QpdNJyjcfGxK3qo3NDDkZOZSFiGn1A6SclQxY9GzEwAHQ3dmYRWpg=="
		},
		"prpr-lerna-core2": {
			"version": "1.0.9",
			"resolved": "https://registry.npmjs.org/prpr-lerna-core2/-/prpr-lerna-core2-1.0.9.tgz",
			"integrity": "sha512-k04csS1oxFY8VW9xiaIkgFJpK1Xpo75x/QtkadPYk0Vpt96vWH7garFreyyKwW036kfFJuPrb+46zOe/bk9y/A=="
		}
	}
}
